// !$*UTF8*$!
{
	archiveVersion = 1;
	classes = {
	};
	objectVersion = 56;
	objects = {

/* Begin PBXBuildFile section */
		A10000000000000100000001 /* InABoxApp.swift in Sources */ = {isa = PBXBuildFile; fileRef = A10000000000000100000011 /* InABoxApp.swift */; };
		A10000000000000100000002 /* Views.swift in Sources */ = {isa = PBXBuildFile; fileRef = A10000000000000100000012 /* Views.swift */; };
		A10000000000000100000003 /* BoxStore.swift in Sources */ = {isa = PBXBuildFile; fileRef = A10000000000000100000013 /* BoxStore.swift */; };
		A10000000000000100000004 /* Models.swift in Sources */ = {isa = PBXBuildFile; fileRef = A10000000000000100000014 /* Models.swift */; };
		A10000000000000100000005 /* Planner.swift in Sources */ = {isa = PBXBuildFile; fileRef = A10000000000000100000015 /* Planner.swift */; };
		A10000000000000100000006 /* Brand.swift in Sources */ = {isa = PBXBuildFile; fileRef = A10000000000000100000016 /* Brand.swift */; };
		A10000000000000100000007 /* Assets.xcassets in Resources */ = {isa = PBXBuildFile; fileRef = A10000000000000100000017 /* Assets.xcassets */; };
/* End PBXBuildFile section */

/* Begin PBXFileReference section */
		A10000000000000100000010 /* InABox.app */ = {isa = PBXFileReference; explicitFileType = wrapper.application; includeInIndex = 0; path = InABox.app; sourceTree = BUILT_PRODUCTS_DIR; };
		A10000000000000100000011 /* InABoxApp.swift */ = {isa = PBXFileReference; lastKnownFileType = sourcecode.swift; path = InABoxApp.swift; sourceTree = "<group>"; };
		A10000000000000100000012 /* Views.swift */ = {isa = PBXFileReference; lastKnownFileType = sourcecode.swift; path = Views.swift; sourceTree = "<group>"; };
		A10000000000000100000013 /* BoxStore.swift */ = {isa = PBXFileReference; lastKnownFileType = sourcecode.swift; path = BoxStore.swift; sourceTree = "<group>"; };
		A10000000000000100000014 /* Models.swift */ = {isa = PBXFileReference; lastKnownFileType = sourcecode.swift; path = Models.swift; sourceTree = "<group>"; };
		A10000000000000100000015 /* Planner.swift */ = {isa = PBXFileReference; lastKnownFileType = sourcecode.swift; path = Planner.swift; sourceTree = "<group>"; };
		A10000000000000100000016 /* Brand.swift */ = {isa = PBXFileReference; lastKnownFileType = sourcecode.swift; path = Brand.swift; sourceTree = "<group>"; };
		A10000000000000100000017 /* Assets.xcassets */ = {isa = PBXFileReference; lastKnownFileType = folder.assetcatalog; path = Assets.xcassets; sourceTree = "<group>"; };
/* End PBXFileReference section */

/* Begin PBXFrameworksBuildPhase section */
		A10000000000000100000020 /* Frameworks */ = {
			isa = PBXFrameworksBuildPhase;
			buildActionMask = 2147483647;
			files = (
			);
			runOnlyForDeploymentPostprocessing = 0;
		};
/* End PBXFrameworksBuildPhase section */

/* Begin PBXGroup section */
		A10000000000000100000030 = {
			isa = PBXGroup;
			children = (
				A10000000000000100000031 /* InABox */,
				A10000000000000100000032 /* Products */,
			);
			sourceTree = "<group>";
		};
		A10000000000000100000031 /* InABox */ = {
			isa = PBXGroup;
			children = (
				A10000000000000100000011 /* InABoxApp.swift */,
				A10000000000000100000012 /* Views.swift */,
				A10000000000000100000013 /* BoxStore.swift */,
				A10000000000000100000014 /* Models.swift */,
				A10000000000000100000015 /* Planner.swift */,
				A10000000000000100000016 /* Brand.swift */,
				A10000000000000100000017 /* Assets.xcassets */,
			);
			path = InABox;
			sourceTree = "<group>";
		};
		A10000000000000100000032 /* Products */ = {
			isa = PBXGroup;
			children = (
				A10000000000000100000010 /* InABox.app */,
			);
			name = Products;
			sourceTree = "<group>";
		};
/* End PBXGroup section */

/* Begin PBXNativeTarget section */
		A10000000000000100000040 /* InABox */ = {
			isa = PBXNativeTarget;
			buildConfigurationList = A10000000000000100000070 /* Build configuration list for PBXNativeTarget "InABox" */;
			buildPhases = (
				A10000000000000100000050 /* Sources */,
				A10000000000000100000020 /* Frameworks */,
				A10000000000000100000060 /* Resources */,
			);
			buildRules = (
			);
			dependencies = (
			);
			name = InABox;
			productName = InABox;
			productReference = A10000000000000100000010 /* InABox.app */;
			productType = "com.apple.product-type.application";
		};
/* End PBXNativeTarget section */

/* Begin PBXProject section */
		A10000000000000100000080 /* Project object */ = {
			isa = PBXProject;
			attributes = {
				BuildIndependentTargetsInParallel = 1;
				LastSwiftUpdateCheck = 1600;
				LastUpgradeCheck = 1600;
				TargetAttributes = {
					A10000000000000100000040 = {
						CreatedOnToolsVersion = 16.0;
					};
				};
			};
			buildConfigurationList = A10000000000000100000071 /* Build configuration list for PBXProject "InABox" */;
			compatibilityVersion = "Xcode 14.0";
			developmentRegion = en;
			hasScannedForEncodings = 0;
			knownRegions = (
				en,
				Base,
			);
			mainGroup = A10000000000000100000030;
			productRefGroup = A10000000000000100000032 /* Products */;
			projectDirPath = "";
			projectRoot = "";
			targets = (
				A10000000000000100000040 /* InABox */,
			);
		};
/* End PBXProject section */

/* Begin PBXResourcesBuildPhase section */
		A10000000000000100000060 /* Resources */ = {
			isa = PBXResourcesBuildPhase;
			buildActionMask = 2147483647;
			files = (
				A10000000000000100000007 /* Assets.xcassets in Resources */,
			);
			runOnlyForDeploymentPostprocessing = 0;
		};
/* End PBXResourcesBuildPhase section */

/* Begin PBXSourcesBuildPhase section */
		A10000000000000100000050 /* Sources */ = {
			isa = PBXSourcesBuildPhase;
			buildActionMask = 2147483647;
			files = (
				A10000000000000100000001 /* InABoxApp.swift in Sources */,
				A10000000000000100000002 /* Views.swift in Sources */,
				A10000000000000100000003 /* BoxStore.swift in Sources */,
				A10000000000000100000004 /* Models.swift in Sources */,
				A10000000000000100000005 /* Planner.swift in Sources */,
				A10000000000000100000006 /* Brand.swift in Sources */,
			);
			runOnlyForDeploymentPostprocessing = 0;
		};
/* End PBXSourcesBuildPhase section */

/* Begin XCBuildConfiguration section */
		A10000000000000100000090 /* Debug */ = {
			isa = XCBuildConfiguration;
			buildSettings = {
				ALWAYS_SEARCH_USER_PATHS = NO;
				CLANG_CXX_LANGUAGE_STANDARD = "gnu++20";
				CLANG_ENABLE_MODULES = YES;
				CLANG_ENABLE_OBJC_ARC = YES;
				COPY_PHASE_STRIP = NO;
				DEBUG_INFORMATION_FORMAT = dwarf;
				ENABLE_TESTABILITY = YES;
				GCC_DYNAMIC_NO_PIC = NO;
				GCC_OPTIMIZATION_LEVEL = 0;
				IPHONEOS_DEPLOYMENT_TARGET = 17.0;
				MTL_ENABLE_DEBUG_INFO = INCLUDE_SOURCE;
				ONLY_ACTIVE_ARCH = YES;
				SDKROOT = iphoneos;
				SWIFT_ACTIVE_COMPILATION_CONDITIONS = DEBUG;
				SWIFT_OPTIMIZATION_LEVEL = "-Onone";
			};
			name = Debug;
		};
		A10000000000000100000091 /* Release */ = {
			isa = XCBuildConfiguration;
			buildSettings = {
				ALWAYS_SEARCH_USER_PATHS = NO;
				CLANG_CXX_LANGUAGE_STANDARD = "gnu++20";
				CLANG_ENABLE_MODULES = YES;
				CLANG_ENABLE_OBJC_ARC = YES;
				COPY_PHASE_STRIP = NO;
				DEBUG_INFORMATION_FORMAT = "dwarf-with-dsym";
				IPHONEOS_DEPLOYMENT_TARGET = 17.0;
				SDKROOT = iphoneos;
				SWIFT_COMPILATION_MODE = wholemodule;
				VALIDATE_PRODUCT = YES;
			};
			name = Release;
		};
		A10000000000000100000092 /* Debug */ = {
			isa = XCBuildConfiguration;
			buildSettings = {
				ASSETCATALOG_COMPILER_APPICON_NAME = AppIcon;
				ASSETCATALOG_COMPILER_GLOBAL_ACCENT_COLOR_NAME = AccentColor;
				CODE_SIGN_STYLE = Automatic;
				CURRENT_PROJECT_VERSION = 1;
				DEVELOPMENT_TEAM = "";
				ENABLE_PREVIEWS = YES;
				GENERATE_INFOPLIST_FILE = YES;
				INFOPLIST_KEY_CFBundleDisplayName = Fetifye;
				INFOPLIST_KEY_LSApplicationCategoryType = "public.app-category.lifestyle";
				INFOPLIST_KEY_UIApplicationSceneManifest_Generation = YES;
				INFOPLIST_KEY_UIApplicationSupportsIndirectInputEvents = YES;
				INFOPLIST_KEY_UILaunchScreen_Generation = YES;
				INFOPLIST_KEY_UISupportedInterfaceOrientations_iPhone = "UIInterfaceOrientationPortrait UIInterfaceOrientationLandscapeLeft UIInterfaceOrientationLandscapeRight";
				LD_RUNPATH_SEARCH_PATHS = (
					"$(inherited)",
					"@executable_path/Frameworks",
				);
				MARKETING_VERSION = 0.1.0;
				PRODUCT_BUNDLE_IDENTIFIER = com.fetifye.app;
				PRODUCT_NAME = "$(TARGET_NAME)";
				SUPPORTED_PLATFORMS = "iphoneos iphonesimulator";
				SUPPORTS_MACCATALYST = NO;
				SWIFT_EMIT_C_INTERFACE = NO;
				SWIFT_STRICT_CONCURRENCY = complete;
				SWIFT_VERSION = 5.0;
				TARGETED_DEVICE_FAMILY = "1,2";
			};
			name = Debug;
		};
		A10000000000000100000093 /* Release */ = {
			isa = XCBuildConfiguration;
			buildSettings = {
				ASSETCATALOG_COMPILER_APPICON_NAME = AppIcon;
				ASSETCATALOG_COMPILER_GLOBAL_ACCENT_COLOR_NAME = AccentColor;
				CODE_SIGN_STYLE = Automatic;
				CURRENT_PROJECT_VERSION = 1;
				DEVELOPMENT_TEAM = "";
				ENABLE_PREVIEWS = YES;
				GENERATE_INFOPLIST_FILE = YES;
				INFOPLIST_KEY_CFBundleDisplayName = Fetifye;
				INFOPLIST_KEY_LSApplicationCategoryType = "public.app-category.lifestyle";
				INFOPLIST_KEY_UIApplicationSceneManifest_Generation = YES;
				INFOPLIST_KEY_UIApplicationSupportsIndirectInputEvents = YES;
				INFOPLIST_KEY_UILaunchScreen_Generation = YES;
				INFOPLIST_KEY_UISupportedInterfaceOrientations_iPhone = "UIInterfaceOrientationPortrait UIInterfaceOrientationLandscapeLeft UIInterfaceOrientationLandscapeRight";
				LD_RUNPATH_SEARCH_PATHS = (
					"$(inherited)",
					"@executable_path/Frameworks",
				);
				MARKETING_VERSION = 0.1.0;
				PRODUCT_BUNDLE_IDENTIFIER = com.fetifye.app;
				PRODUCT_NAME = "$(TARGET_NAME)";
				SUPPORTED_PLATFORMS = "iphoneos iphonesimulator";
				SUPPORTS_MACCATALYST = NO;
				SWIFT_EMIT_C_INTERFACE = NO;
				SWIFT_STRICT_CONCURRENCY = complete;
				SWIFT_VERSION = 5.0;
				TARGETED_DEVICE_FAMILY = "1,2";
			};
			name = Release;
		};
/* End XCBuildConfiguration section */

/* Begin XCConfigurationList section */
		A10000000000000100000070 /* Build configuration list for PBXNativeTarget "InABox" */ = {
			isa = XCConfigurationList;
			buildConfigurations = (
				A10000000000000100000092 /* Debug */,
				A10000000000000100000093 /* Release */,
			);
			defaultConfigurationIsVisible = 0;
			defaultConfigurationName = Release;
		};
		A10000000000000100000071 /* Build configuration list for PBXProject "InABox" */ = {
			isa = XCConfigurationList;
			buildConfigurations = (
				A10000000000000100000090 /* Debug */,
				A10000000000000100000091 /* Release */,
			);
			defaultConfigurationIsVisible = 0;
			defaultConfigurationName = Release;
		};
/* End XCConfigurationList section */
	};
	rootObject = A10000000000000100000080 /* Project object */;
}
